{
  "name": "forensic-light-table",
  "version": "1.0.0",
  "lockfileVersion": 3,
  "requires": true,
  "packages": {
    "": {
      "name": "forensic-light-table",
      "version": "1.0.0",
      "dependencies": {
        "konva": "10.5.0"
      }
    },
    "node_modules/konva": {
      "version": "10.5.0",
      "resolved": "https://registry.npmjs.org/konva/-/konva-10.5.0.tgz",
      "integrity": "sha512-gTVQ12CVE2vCaP8g+Ag6lYf9LIo1s1lr7bXLNTbF5pcXbdRFCA3Oy1fFxDN/wK7RklJ9e8oqTiSsqmUtfQx91w==",
      "funding": [
        {
          "type": "patreon",
          "url": "https://www.patreon.com/lavrton"
        },
        {
          "type": "opencollective",
          "url": "https://opencollective.com/konva"
        },
        {
          "type": "github",
          "url": "https://github.com/sponsors/lavrton"
        }
      ],
      "license": "MIT",
      "peerDependencies": {
        "canvas": "^3.0.0",
        "skia-canvas": "^3.0.0"
      },
      "peerDependenciesMeta": {
        "canvas": {
          "optional": true
        },
        "skia-canvas": {
          "optional": true
        }
      }
    }
  }
}
